
Microsoft Visual Studio Solution File, Format Version 12.00
# Visual Studio Version 17
VisualStudioVersion = 17.5.33516.290
MinimumVisualStudioVersion = 10.0.40219.1
Project("{888888A0-9F3D-457C-B088-3A5042F75D52}") = "PyCleoAPI", "PyCleoAPI\PyCleoAPI.pyproj", "{D367D5D1-CF66-4BF4-A78D-33ED2EDB4E8E}"
EndProject
Global
	GlobalSection(SolutionConfigurationPlatforms) = preSolution
		Debug|Any CPU = Debug|Any CPU
		Release|Any CPU = Release|Any CPU
	EndGlobalSection
	GlobalSection(ProjectConfigurationPlatforms) = postSolution
		{D367D5D1-CF66-4BF4-A78D-33ED2EDB4E8E}.Debug|Any CPU.ActiveCfg = Debug|Any CPU
		{D367D5D1-CF66-4BF4-A78D-33ED2EDB4E8E}.Release|Any CPU.ActiveCfg = Release|Any CPU
	EndGlobalSection
	GlobalSection(SolutionProperties) = preSolution
		HideSolutionNode = FALSE
	EndGlobalSection
	GlobalSection(ExtensibilityGlobals) = postSolution
		SolutionGuid = {06CD933D-1B9E-4222-954A-4727F6A329E6}
	EndGlobalSection
EndGlobal
